
Microsoft Visual Studio Solution File, Format Version 12.00
# Visual Studio Version 16
VisualStudioVersion = 16.0.30320.27
MinimumVisualStudioVersion = 10.0.40219.1
Project("{FAE04EC0-301F-11D3-BF4B-00C04F79EFBC}") = "HamiltonBot", "HamiltonBot\HamiltonBot.csproj", "{4173190C-7C29-4933-906D-1070488A4432}"
EndProject
Global
	GlobalSection(SolutionConfigurationPlatforms) = preSolution
		Debug|Any CPU = Debug|Any CPU
		Release|Any CPU = Release|Any CPU
	EndGlobalSection
	GlobalSection(ProjectConfigurationPlatforms) = postSolution
		{4173190C-7C29-4933-906D-1070488A4432}.Debug|Any CPU.ActiveCfg = Debug|Any CPU
		{4173190C-7C29-4933-906D-1070488A4432}.Debug|Any CPU.Build.0 = Debug|Any CPU
		{4173190C-7C29-4933-906D-1070488A4432}.Release|Any CPU.ActiveCfg = Release|Any CPU
		{4173190C-7C29-4933-906D-1070488A4432}.Release|Any CPU.Build.0 = Release|Any CPU
	EndGlobalSection
	GlobalSection(SolutionProperties) = preSolution
		HideSolutionNode = FALSE
	EndGlobalSection
	GlobalSection(ExtensibilityGlobals) = postSolution
		SolutionGuid = {E7DF8C25-6AA8-4DB9-93FE-5106B5674761}
	EndGlobalSection
EndGlobal
